
Microsoft Visual Studio Solution File, Format Version 12.00
# Visual Studio 15
VisualStudioVersion = 15.0.28010.2003
MinimumVisualStudioVersion = 10.0.40219.1
Project("{FAE04EC0-301F-11D3-BF4B-00C04F79EFBC}") = "SakuraIOTest", "SakuraIOTest\SakuraIOTest.csproj", "{AE09B37F-E7EC-45E3-A546-BD0D8735E37C}"
EndProject
Project("{FAE04EC0-301F-11D3-BF4B-00C04F79EFBC}") = "SakuraIO", "SakuraIO\SakuraIO.csproj", "{F1F3DEFA-BCC9-4D36-B71B-D6A44CD8D022}"
EndProject
Project("{2150E333-8FDC-42A3-9474-1A3956D46DE8}") = "Solution Items", "Solution Items", "{C8DA6AC0-DD66-43B3-B445-3AF807B2FCAF}"
	ProjectSection(SolutionItems) = preProject
		README.md = README.md
	EndProjectSection
EndProject
Global
	GlobalSection(SolutionConfigurationPlatforms) = preSolution
		Debug|Any CPU = Debug|Any CPU
		Release|Any CPU = Release|Any CPU
	EndGlobalSection
	GlobalSection(ProjectConfigurationPlatforms) = postSolution
		{AE09B37F-E7EC-45E3-A546-BD0D8735E37C}.Debug|Any CPU.ActiveCfg = Debug|Any CPU
		{AE09B37F-E7EC-45E3-A546-BD0D8735E37C}.Debug|Any CPU.Build.0 = Debug|Any CPU
		{AE09B37F-E7EC-45E3-A546-BD0D8735E37C}.Release|Any CPU.ActiveCfg = Release|Any CPU
		{AE09B37F-E7EC-45E3-A546-BD0D8735E37C}.Release|Any CPU.Build.0 = Release|Any CPU
		{F1F3DEFA-BCC9-4D36-B71B-D6A44CD8D022}.Debug|Any CPU.ActiveCfg = Debug|Any CPU
		{F1F3DEFA-BCC9-4D36-B71B-D6A44CD8D022}.Debug|Any CPU.Build.0 = Debug|Any CPU
		{F1F3DEFA-BCC9-4D36-B71B-D6A44CD8D022}.Release|Any CPU.ActiveCfg = Release|Any CPU
		{F1F3DEFA-BCC9-4D36-B71B-D6A44CD8D022}.Release|Any CPU.Build.0 = Release|Any CPU
	EndGlobalSection
	GlobalSection(SolutionProperties) = preSolution
		HideSolutionNode = FALSE
	EndGlobalSection
	GlobalSection(ExtensibilityGlobals) = postSolution
		SolutionGuid = {6EC3A2BF-7007-428B-8AA6-0BDD5FA0C017}
	EndGlobalSection
EndGlobal
